{
  "originHash" : "b831affe413755ae5982b91bd1d31cc66764c9f7ad31b770d75464ab5c56a7db",
  "pins" : [
    {
      "identity" : "smdkit",
      "kind" : "remoteSourceControl",
      "location" : "https://github.com/project-smd/SmdKit.git",
      "state" : {
        "branch" : "main",
        "revision" : "6bfa50a6b163f5619125b0a8dfba3f53bcafb61e"
      }
    },
    {
      "identity" : "swift-argument-parser",
      "kind" : "remoteSourceControl",
      "location" : "https://github.com/apple/swift-argument-parser.git",
      "state" : {
        "revision" : "6a52f3251125d74daf04fcbd5e6f08a75d074382",
        "version" : "1.8.2"
      }
    }
  ],
  "version" : 3
}
